<?xml version="1.0" encoding="utf-8"?>
<Project ToolsVersion="4.0" xmlns="http://schemas.microsoft.com/developer/msbuild/2003">
  <ItemGroup>
    <Filter Include="Source Files">
      <UniqueIdentifier>{4FC737F1-C7A5-4376-A066-2A32D752A2FF}</UniqueIdentifier>
      <Extensions>cpp;c;cc;cxx;c++;cppm;ixx;def;odl;idl;hpj;bat;asm;asmx</Extensions>
    </Filter>
    <Filter Include="Header Files">
      <UniqueIdentifier>{93995380-89BD-4b04-88EB-625FBE52EBFB}</UniqueIdentifier>
      <Extensions>h;hh;hpp;hxx;h++;hm;inl;inc;ipp;xsd</Extensions>
    </Filter>
  </ItemGroup>
  <ItemGroup>
    <ClCompile Include="Machine.cpp"><Filter>Source Files</Filter></ClCompile>
    <ClCompile Include="Operation.cpp"><Filter>Source Files</Filter></ClCompile>
    <ClCompile Include="Job.cpp"><Filter>Source Files</Filter></ClCompile>
    <ClCompile Include="Player.cpp"><Filter>Source Files</Filter></ClCompile>
    <ClCompile Include="Instance.cpp"><Filter>Source Files</Filter></ClCompile>
    <ClCompile Include="ScheduleBuilder.cpp"><Filter>Source Files</Filter></ClCompile>
    <ClCompile Include="TaskPool.cpp"><Filter>Source Files</Filter></ClCompile>
    <ClCompile Include="RandomKick.cpp"><Filter>Source Files</Filter></ClCompile>
    <ClCompile Include="Strategy.cpp"><Filter>Source Files</Filter></ClCompile>
    <ClCompile Include="Solution.cpp"><Filter>Source Files</Filter></ClCompile>
    <ClCompile Include="StableSolution.cpp"><Filter>Source Files</Filter></ClCompile>
    <ClCompile Include="PayoffFunction.cpp"><Filter>Source Files</Filter></ClCompile>
    <ClCompile Include="GameSolver.cpp"><Filter>Source Files</Filter></ClCompile>
    <ClCompile Include="FjsInstanceReader.cpp"><Filter>Source Files</Filter></ClCompile>
    <ClCompile Include="BeliefModel.cpp"><Filter>Source Files</Filter></ClCompile>
    <ClCompile Include="BestKnownRegistry.cpp"><Filter>Source Files</Filter></ClCompile>
    <ClCompile Include="InstanceReport.cpp"><Filter>Source Files</Filter></ClCompile>
    <ClCompile Include="GlobalReport.cpp"><Filter>Source Files</Filter></ClCompile>
    <ClCompile Include="CodeExplanation.cpp"><Filter>Source Files</Filter></ClCompile>
    <ClCompile Include="GanttChart.cpp"><Filter>Source Files</Filter></ClCompile>
    <ClCompile Include="main.cpp"><Filter>Source Files</Filter></ClCompile>
  </ItemGroup>
  <ItemGroup>
    <ClInclude Include="Machine.h"><Filter>Header Files</Filter></ClInclude>
    <ClInclude Include="Operation.h"><Filter>Header Files</Filter></ClInclude>
    <ClInclude Include="Job.h"><Filter>Header Files</Filter></ClInclude>
    <ClInclude Include="Player.h"><Filter>Header Files</Filter></ClInclude>
    <ClInclude Include="Instance.h"><Filter>Header Files</Filter></ClInclude>
    <ClInclude Include="Strategy.h"><Filter>Header Files</Filter></ClInclude>
    <ClInclude Include="StrategyProfile.h"><Filter>Header Files</Filter></ClInclude>
    <ClInclude Include="Solution.h"><Filter>Header Files</Filter></ClInclude>
    <ClInclude Include="StableSolution.h"><Filter>Header Files</Filter></ClInclude>
    <ClInclude Include="Schedule.h"><Filter>Header Files</Filter></ClInclude>
    <ClInclude Include="ScheduleBuilder.h"><Filter>Header Files</Filter></ClInclude>
    <ClInclude Include="TaskPool.h"><Filter>Header Files</Filter></ClInclude>
    <ClInclude Include="RandomKick.h"><Filter>Header Files</Filter></ClInclude>
    <ClInclude Include="PayoffFunction.h"><Filter>Header Files</Filter></ClInclude>
    <ClInclude Include="GameSolver.h"><Filter>Header Files</Filter></ClInclude>
    <ClInclude Include="FjsInstanceReader.h"><Filter>Header Files</Filter></ClInclude>
    <ClInclude Include="BeliefModel.h"><Filter>Header Files</Filter></ClInclude>
    <ClInclude Include="BestKnownRegistry.h"><Filter>Header Files</Filter></ClInclude>
    <ClInclude Include="InstanceReport.h"><Filter>Header Files</Filter></ClInclude>
    <ClInclude Include="GlobalReport.h"><Filter>Header Files</Filter></ClInclude>
    <ClInclude Include="CodeExplanation.h"><Filter>Header Files</Filter></ClInclude>
    <ClInclude Include="GanttChart.h"><Filter>Header Files</Filter></ClInclude>
  </ItemGroup>
</Project>
